{
  "name": "seng401",
  "version": "1.0.0",
  "lockfileVersion": 2,
  "requires": true,
  "packages": {
    "": {
      "name": "seng401",
      "version": "1.0.0",
      "license": "ISC",
      "dependencies": {
        "-": "^0.0.1",
        "y": "^0.3.2"
      }
    },
    "node_modules/-": {
      "version": "0.0.1",
      "resolved": "https://registry.npmjs.org/-/-/--0.0.1.tgz",
      "integrity": "sha512-3HfneK3DGAm05fpyj20sT3apkNcvPpCuccOThOPdzz8sY7GgQGe0l93XH9bt+YzibcTIgUAIMoyVJI740RtgyQ=="
    },
    "node_modules/y": {
      "version": "0.3.2",
      "resolved": "https://registry.npmjs.org/y/-/y-0.3.2.tgz",
      "integrity": "sha512-OJQTQuD3iqJqXzYKs2AgZqQrfPuTOjIFm3jvIc+2SxP6QSB5Ab9Ja9A5mWEDngjaJiEgsHbp2Q2RR/U2pTpTEw=="
    }
  },
  "dependencies": {
    "-": {
      "version": "0.0.1",
      "resolved": "https://registry.npmjs.org/-/-/--0.0.1.tgz",
      "integrity": "sha512-3HfneK3DGAm05fpyj20sT3apkNcvPpCuccOThOPdzz8sY7GgQGe0l93XH9bt+YzibcTIgUAIMoyVJI740RtgyQ=="
    },
    "y": {
      "version": "0.3.2",
      "resolved": "https://registry.npmjs.org/y/-/y-0.3.2.tgz",
      "integrity": "sha512-OJQTQuD3iqJqXzYKs2AgZqQrfPuTOjIFm3jvIc+2SxP6QSB5Ab9Ja9A5mWEDngjaJiEgsHbp2Q2RR/U2pTpTEw=="
    }
  }
}
